
Microsoft Visual Studio Solution File, Format Version 12.00
# Visual Studio Version 17
VisualStudioVersion = 17.1.32210.238
MinimumVisualStudioVersion = 10.0.40219.1
Project("{FAE04EC0-301F-11D3-BF4B-00C04F79EFBC}") = "ConsoleApp1", "ConsoleApp1\ConsoleApp1.csproj", "{DE041E8C-6DB0-42DE-983A-E809605345A6}"
EndProject
Global
	GlobalSection(SolutionConfigurationPlatforms) = preSolution
		Debug|Any CPU = Debug|Any CPU
		Release|Any CPU = Release|Any CPU
	EndGlobalSection
	GlobalSection(ProjectConfigurationPlatforms) = postSolution
		{DE041E8C-6DB0-42DE-983A-E809605345A6}.Debug|Any CPU.ActiveCfg = Debug|Any CPU
		{DE041E8C-6DB0-42DE-983A-E809605345A6}.Debug|Any CPU.Build.0 = Debug|Any CPU
		{DE041E8C-6DB0-42DE-983A-E809605345A6}.Release|Any CPU.ActiveCfg = Release|Any CPU
		{DE041E8C-6DB0-42DE-983A-E809605345A6}.Release|Any CPU.Build.0 = Release|Any CPU
	EndGlobalSection
	GlobalSection(SolutionProperties) = preSolution
		HideSolutionNode = FALSE
	EndGlobalSection
	GlobalSection(ExtensibilityGlobals) = postSolution
		SolutionGuid = {919245EF-1573-4E12-B03D-BE9BEF86308C}
	EndGlobalSection
EndGlobal
